<?xml version="1.0" encoding="utf-8"?>
<Project ToolsVersion="4.0" xmlns="http://schemas.microsoft.com/developer/msbuild/2003">
  <ItemGroup>
    <Filter Include="Source Files">
      <UniqueIdentifier>{4FC737F1-C7A5-4376-A066-2A32D752A2FF}</UniqueIdentifier>
      <Extensions>cpp;c;cc;cxx;c++;def;odl;idl;hpj;bat;asm;asmx</Extensions>
    </Filter>
    <Filter Include="Header Files">
      <UniqueIdentifier>{93995380-89BD-4b04-88EB-625FBE52EBFB}</UniqueIdentifier>
      <Extensions>h;hh;hpp;hxx;h++;hm;inl;inc;ipp;xsd</Extensions>
    </Filter>
    <Filter Include="Resource Files">
      <UniqueIdentifier>{67DA6AB6-F800-4c08-8B7A-83BB121AAD01}</UniqueIdentifier>
      <Extensions>rc;ico;cur;bmp;dlg;rc2;rct;bin;rgs;gif;jpg;jpeg;jpe;resx;tiff;tif;png;wav;mfcribbon-ms</Extensions>
    </Filter>
    <Filter Include="Header Files\Common">
      <UniqueIdentifier>{c50ffe84-b5df-481c-8420-95299a1df977}</UniqueIdentifier>
    </Filter>
    <Filter Include="Header Files\Inlines">
      <UniqueIdentifier>{71c67856-9913-4e8c-b3b3-27544ac27da6}</UniqueIdentifier>
    </Filter>
    <Filter Include="Header Files\External">
      <UniqueIdentifier>{ed7cccbe-1f5b-4b29-becf-1eece1548afd}</UniqueIdentifier>
    </Filter>
    <Filter Include="Header Files\External\GLEW">
      <UniqueIdentifier>{7542978f-44bf-49e4-b868-b1125337c3c8}</UniqueIdentifier>
    </Filter>
    <Filter Include="Source Files\Common">
      <UniqueIdentifier>{22613471-a780-4aaa-919f-5784bcc1b2e3}</UniqueIdentifier>
    </Filter>
    <Filter Include="Source Files\External">
      <UniqueIdentifier>{aaca5a61-aac5-433d-ba36-15460d48bad9}</UniqueIdentifier>
    </Filter>
  </ItemGroup>
  <ItemGroup>
    <ClInclude Include="..\external\GL\glew.h">
      <Filter>Header Files\External\GLEW</Filter>
    </ClInclude>
    <ClInclude Include="..\external\GL\wglew.h">
      <Filter>Header Files\External\GLEW</Filter>
    </ClInclude>
    <ClInclude Include="gl_image.hpp">
      <Filter>Header Files</Filter>
    </ClInclude>
    <ClInclude Include="gl_misc.hpp">
      <Filter>Header Files</Filter>
    </ClInclude>
    <ClInclude Include="gl_local.hpp">
      <Filter>Header Files</Filter>
    </ClInclude>
    <ClInclude Include="gl_draw.hpp">
      <Filter>Header Files</Filter>
    </ClInclude>
    <ClInclude Include="gl_warp.hpp">
      <Filter>Header Files</Filter>
    </ClInclude>
    <ClInclude Include="gl_surf.hpp">
      <Filter>Header Files</Filter>
    </ClInclude>
    <ClInclude Include="gl_main.hpp">
      <Filter>Header Files</Filter>
    </ClInclude>
    <ClInclude Include="gl_imp.hpp">
      <Filter>Header Files</Filter>
    </ClInclude>
    <ClInclude Include="gl_light.hpp">
      <Filter>Header Files</Filter>
    </ClInclude>
    <ClInclude Include="gl_mesh.hpp">
      <Filter>Header Files</Filter>
    </ClInclude>
    <ClInclude Include="gl_model.hpp">
      <Filter>Header Files</Filter>
    </ClInclude>
    <ClInclude Include="gl_hunk.hpp">
      <Filter>Header Files</Filter>
    </ClInclude>
    <ClInclude Include="..\common\common.h">
      <Filter>Header Files\Common</Filter>
    </ClInclude>
    <ClInclude Include="..\common\buildinfo.h">
      <Filter>Header Files\Common</Filter>
    </ClInclude>
    <ClInclude Include="..\common\refresh.h">
      <Filter>Header Files\Common</Filter>
    </ClInclude>
    <ClInclude Include="..\common\qfiles.h">
      <Filter>Header Files\Common</Filter>
    </ClInclude>
  </ItemGroup>
  <ItemGroup>
    <None Include="anorms.inl">
      <Filter>Header Files\Inlines</Filter>
    </None>
    <None Include="anormtab.inl">
      <Filter>Header Files\Inlines</Filter>
    </None>
    <None Include="warpsin.inl">
      <Filter>Header Files\Inlines</Filter>
    </None>
  </ItemGroup>
  <ItemGroup>
    <ClCompile Include="gl_draw.cpp">
      <Filter>Source Files</Filter>
    </ClCompile>
    <ClCompile Include="gl_hunk_win.cpp">
      <Filter>Source Files</Filter>
    </ClCompile>
    <ClCompile Include="gl_image.cpp">
      <Filter>Source Files</Filter>
    </ClCompile>
    <ClCompile Include="gl_imp_win.cpp">
      <Filter>Source Files</Filter>
    </ClCompile>
    <ClCompile Include="gl_light.cpp">
      <Filter>Source Files</Filter>
    </ClCompile>
    <ClCompile Include="gl_local.cpp">
      <Filter>Source Files</Filter>
    </ClCompile>
    <ClCompile Include="gl_main.cpp">
      <Filter>Source Files</Filter>
    </ClCompile>
    <ClCompile Include="gl_mesh.cpp">
      <Filter>Source Files</Filter>
    </ClCompile>
    <ClCompile Include="gl_misc.cpp">
      <Filter>Source Files</Filter>
    </ClCompile>
    <ClCompile Include="gl_model.cpp">
      <Filter>Source Files</Filter>
    </ClCompile>
    <ClCompile Include="gl_surf.cpp">
      <Filter>Source Files</Filter>
    </ClCompile>
    <ClCompile Include="gl_warp.cpp">
      <Filter>Source Files</Filter>
    </ClCompile>
    <ClCompile Include="..\external\glew.c">
      <Filter>Source Files\External</Filter>
    </ClCompile>
    <ClCompile Include="..\common\common.c">
      <Filter>Source Files\Common</Filter>
    </ClCompile>
    <ClCompile Include="..\common\common_win.c">
      <Filter>Source Files\Common</Filter>
    </ClCompile>
  </ItemGroup>
</Project>